// !$*UTF8*$!
{
	archiveVersion = 1;
	classes = {
	};
	objectVersion = 46;
	objects = {

/* Begin PBXBuildFile section */
		A50D703719F3329E0066AA16 /* Black.png in Resources */ = {isa = PBXBuildFile; fileRef = A50D703619F3329E0066AA16 /* Black.png */; };
		A50D703A19F333600066AA16 /* Settings.m in Sources */ = {isa = PBXBuildFile; fileRef = A50D703919F333600066AA16 /* Settings.m */; };
		A50D704019F357120066AA16 /* BlueBG.png in Resources */ = {isa = PBXBuildFile; fileRef = A50D703F19F357120066AA16 /* BlueBG.png */; };
		A50D704419F35AC30066AA16 /* GoldBG.png in Resources */ = {isa = PBXBuildFile; fileRef = A50D704319F35AC30066AA16 /* GoldBG.png */; };
		A50D704619F35B190066AA16 /* MetalBG.png in Resources */ = {isa = PBXBuildFile; fileRef = A50D704519F35B190066AA16 /* MetalBG.png */; };
		A51FEDCC19B0E3500002D63A /* NewBox.png in Resources */ = {isa = PBXBuildFile; fileRef = A51FEDCB19B0E3500002D63A /* NewBox.png */; };
		A51FEDD019B181500002D63A /* BG.png in Resources */ = {isa = PBXBuildFile; fileRef = A51FEDCF19B181500002D63A /* BG.png */; };
		A51FEDD219B181BF0002D63A /* Clock.png in Resources */ = {isa = PBXBuildFile; fileRef = A51FEDD119B181BF0002D63A /* Clock.png */; };
		A5336EFC19F32B2400FF0D3B /* Button.png in Resources */ = {isa = PBXBuildFile; fileRef = A5336EFB19F32B2400FF0D3B /* Button.png */; };
		A550A67219B815930079BA84 /* StopWatch.m in Sources */ = {isa = PBXBuildFile; fileRef = A550A67119B815930079BA84 /* StopWatch.m */; };
		A55EE47919F827D800F15057 /* GreenBG3.png in Resources */ = {isa = PBXBuildFile; fileRef = A55EE47819F827D800F15057 /* GreenBG3.png */; };
		A58D9DF619F873F300F50343 /* BlueButton.png in Resources */ = {isa = PBXBuildFile; fileRef = A58D9DF519F873F300F50343 /* BlueButton.png */; };
		A5CD776C19B01F5800FD357B /* Foundation.framework in Frameworks */ = {isa = PBXBuildFile; fileRef = A5CD776B19B01F5800FD357B /* Foundation.framework */; };
		A5CD776E19B01F5800FD357B /* CoreGraphics.framework in Frameworks */ = {isa = PBXBuildFile; fileRef = A5CD776D19B01F5800FD357B /* CoreGraphics.framework */; };
		A5CD777019B01F5800FD357B /* UIKit.framework in Frameworks */ = {isa = PBXBuildFile; fileRef = A5CD776F19B01F5800FD357B /* UIKit.framework */; };
		A5CD777619B01F5800FD357B /* InfoPlist.strings in Resources */ = {isa = PBXBuildFile; fileRef = A5CD777419B01F5800FD357B /* InfoPlist.strings */; };
		A5CD777819B01F5800FD357B /* main.m in Sources */ = {isa = PBXBuildFile; fileRef = A5CD777719B01F5800FD357B /* main.m */; };
		A5CD777C19B01F5800FD357B /* AppDelegate.m in Sources */ = {isa = PBXBuildFile; fileRef = A5CD777B19B01F5800FD357B /* AppDelegate.m */; };
		A5CD777F19B01F5800FD357B /* Main_iPhone.storyboard in Resources */ = {isa = PBXBuildFile; fileRef = A5CD777D19B01F5800FD357B /* Main_iPhone.storyboard */; };
		A5CD778219B01F5900FD357B /* Main_iPad.storyboard in Resources */ = {isa = PBXBuildFile; fileRef = A5CD778019B01F5900FD357B /* Main_iPad.storyboard */; };
		A5CD778519B01F5900FD357B /* ViewController.m in Sources */ = {isa = PBXBuildFile; fileRef = A5CD778419B01F5900FD357B /* ViewController.m */; };
		A5CD778719B01F5900FD357B /* Images.xcassets in Resources */ = {isa = PBXBuildFile; fileRef = A5CD778619B01F5900FD357B /* Images.xcassets */; };
		A5CD778E19B01F5900FD357B /* XCTest.framework in Frameworks */ = {isa = PBXBuildFile; fileRef = A5CD778D19B01F5900FD357B /* XCTest.framework */; };
		A5CD778F19B01F5900FD357B /* Foundation.framework in Frameworks */ = {isa = PBXBuildFile; fileRef = A5CD776B19B01F5800FD357B /* Foundation.framework */; };
		A5CD779019B01F5900FD357B /* UIKit.framework in Frameworks */ = {isa = PBXBuildFile; fileRef = A5CD776F19B01F5800FD357B /* UIKit.framework */; };
		A5CD779819B01F5900FD357B /* InfoPlist.strings in Resources */ = {isa = PBXBuildFile; fileRef = A5CD779619B01F5900FD357B /* InfoPlist.strings */; };
		A5CD779A19B01F5900FD357B /* StopwatchTests.m in Sources */ = {isa = PBXBuildFile; fileRef = A5CD779919B01F5900FD357B /* StopwatchTests.m */; };
		A5CD77A419B034DC00FD357B /* GrayBG.png in Resources */ = {isa = PBXBuildFile; fileRef = A5CD77A319B034DC00FD357B /* GrayBG.png */; };
		A5CD77A619B034E700FD357B /* GoldButton.png in Resources */ = {isa = PBXBuildFile; fileRef = A5CD77A519B034E700FD357B /* GoldButton.png */; };
		A5CD77A819B0382000FD357B /* Screen.png in Resources */ = {isa = PBXBuildFile; fileRef = A5CD77A719B0381F00FD357B /* Screen.png */; };
		A5E5C93A19B926A1002737D5 /* Main_iPhone_3.5.storyboard in Resources */ = {isa = PBXBuildFile; fileRef = A5E5C93919B926A1002737D5 /* Main_iPhone_3.5.storyboard */; };
/* End PBXBuildFile section */

/* Begin PBXContainerItemProxy section */
		A5CD779119B01F5900FD357B /* PBXContainerItemProxy */ = {
			isa = PBXContainerItemProxy;
			containerPortal = A5CD776019B01F5800FD357B /* Project object */;
			proxyType = 1;
			remoteGlobalIDString = A5CD776719B01F5800FD357B;
			remoteInfo = Stopwatch;
		};
/* End PBXContainerItemProxy section */

/* Begin PBXFileReference section */
		A50D703619F3329E0066AA16 /* Black.png */ = {isa = PBXFileReference; lastKnownFileType = image.png; path = Black.png; sourceTree = "<group>"; };
		A50D703819F333600066AA16 /* Settings.h */ = {isa = PBXFileReference; fileEncoding = 4; lastKnownFileType = sourcecode.c.h; path = Settings.h; sourceTree = "<group>"; };
		A50D703919F333600066AA16 /* Settings.m */ = {isa = PBXFileReference; fileEncoding = 4; lastKnownFileType = sourcecode.c.objc; path = Settings.m; sourceTree = "<group>"; };
		A50D703F19F357120066AA16 /* BlueBG.png */ = {isa = PBXFileReference; lastKnownFileType = image.png; path = BlueBG.png; sourceTree = "<group>"; };
		A50D704319F35AC30066AA16 /* GoldBG.png */ = {isa = PBXFileReference; lastKnownFileType = image.png; path = GoldBG.png; sourceTree = "<group>"; };
		A50D704519F35B190066AA16 /* MetalBG.png */ = {isa = PBXFileReference; lastKnownFileType = image.png; path = MetalBG.png; sourceTree = "<group>"; };
		A51FEDCB19B0E3500002D63A /* NewBox.png */ = {isa = PBXFileReference; lastKnownFileType = image.png; path = NewBox.png; sourceTree = "<group>"; };
		A51FEDCF19B181500002D63A /* BG.png */ = {isa = PBXFileReference; lastKnownFileType = image.png; path = BG.png; sourceTree = "<group>"; };
		A51FEDD119B181BF0002D63A /* Clock.png */ = {isa = PBXFileReference; lastKnownFileType = image.png; path = Clock.png; sourceTree = "<group>"; };
		A5336EFB19F32B2400FF0D3B /* Button.png */ = {isa = PBXFileReference; lastKnownFileType = image.png; path = Button.png; sourceTree = "<group>"; };
		A550A67019B815930079BA84 /* StopWatch.h */ = {isa = PBXFileReference; fileEncoding = 4; lastKnownFileType = sourcecode.c.h; path = StopWatch.h; sourceTree = "<group>"; };
		A550A67119B815930079BA84 /* StopWatch.m */ = {isa = PBXFileReference; fileEncoding = 4; lastKnownFileType = sourcecode.c.objc; path = StopWatch.m; sourceTree = "<group>"; };
		A55EE47819F827D800F15057 /* GreenBG3.png */ = {isa = PBXFileReference; lastKnownFileType = image.png; path = GreenBG3.png; sourceTree = "<group>"; };
		A58D9DF519F873F300F50343 /* BlueButton.png */ = {isa = PBXFileReference; lastKnownFileType = image.png; path = BlueButton.png; sourceTree = "<group>"; };
		A5CD776819B01F5800FD357B /* WatchStop.app */ = {isa = PBXFileReference; explicitFileType = wrapper.application; includeInIndex = 0; path = WatchStop.app; sourceTree = BUILT_PRODUCTS_DIR; };
		A5CD776B19B01F5800FD357B /* Foundation.framework */ = {isa = PBXFileReference; lastKnownFileType = wrapper.framework; name = Foundation.framework; path = System/Library/Frameworks/Foundation.framework; sourceTree = SDKROOT; };
		A5CD776D19B01F5800FD357B /* CoreGraphics.framework */ = {isa = PBXFileReference; lastKnownFileType = wrapper.framework; name = CoreGraphics.framework; path = System/Library/Frameworks/CoreGraphics.framework; sourceTree = SDKROOT; };
		A5CD776F19B01F5800FD357B /* UIKit.framework */ = {isa = PBXFileReference; lastKnownFileType = wrapper.framework; name = UIKit.framework; path = System/Library/Frameworks/UIKit.framework; sourceTree = SDKROOT; };
		A5CD777319B01F5800FD357B /* Stopwatch-Info.plist */ = {isa = PBXFileReference; lastKnownFileType = text.plist.xml; path = "Stopwatch-Info.plist"; sourceTree = "<group>"; };
		A5CD777519B01F5800FD357B /* en */ = {isa = PBXFileReference; lastKnownFileType = text.plist.strings; name = en; path = en.lproj/InfoPlist.strings; sourceTree = "<group>"; };
		A5CD777719B01F5800FD357B /* main.m */ = {isa = PBXFileReference; lastKnownFileType = sourcecode.c.objc; path = main.m; sourceTree = "<group>"; };
		A5CD777919B01F5800FD357B /* Stopwatch-Prefix.pch */ = {isa = PBXFileReference; lastKnownFileType = sourcecode.c.h; path = "Stopwatch-Prefix.pch"; sourceTree = "<group>"; };
		A5CD777A19B01F5800FD357B /* AppDelegate.h */ = {isa = PBXFileReference; lastKnownFileType = sourcecode.c.h; path = AppDelegate.h; sourceTree = "<group>"; };
		A5CD777B19B01F5800FD357B /* AppDelegate.m */ = {isa = PBXFileReference; lastKnownFileType = sourcecode.c.objc; path = AppDelegate.m; sourceTree = "<group>"; };
		A5CD777E19B01F5800FD357B /* Base */ = {isa = PBXFileReference; lastKnownFileType = file.storyboard; name = Base; path = Base.lproj/Main_iPhone.storyboard; sourceTree = "<group>"; };
		A5CD778119B01F5900FD357B /* Base */ = {isa = PBXFileReference; lastKnownFileType = file.storyboard; name = Base; path = Base.lproj/Main_iPad.storyboard; sourceTree = "<group>"; };
		A5CD778319B01F5900FD357B /* ViewController.h */ = {isa = PBXFileReference; lastKnownFileType = sourcecode.c.h; path = ViewController.h; sourceTree = "<group>"; };
		A5CD778419B01F5900FD357B /* ViewController.m */ = {isa = PBXFileReference; lastKnownFileType = sourcecode.c.objc; path = ViewController.m; sourceTree = "<group>"; };
		A5CD778619B01F5900FD357B /* Images.xcassets */ = {isa = PBXFileReference; lastKnownFileType = folder.assetcatalog; path = Images.xcassets; sourceTree = "<group>"; };
		A5CD778C19B01F5900FD357B /* StopwatchTests.xctest */ = {isa = PBXFileReference; explicitFileType = wrapper.cfbundle; includeInIndex = 0; path = StopwatchTests.xctest; sourceTree = BUILT_PRODUCTS_DIR; };
		A5CD778D19B01F5900FD357B /* XCTest.framework */ = {isa = PBXFileReference; lastKnownFileType = wrapper.framework; name = XCTest.framework; path = Library/Frameworks/XCTest.framework; sourceTree = DEVELOPER_DIR; };
		A5CD779519B01F5900FD357B /* StopwatchTests-Info.plist */ = {isa = PBXFileReference; lastKnownFileType = text.plist.xml; path = "StopwatchTests-Info.plist"; sourceTree = "<group>"; };
		A5CD779719B01F5900FD357B /* en */ = {isa = PBXFileReference; lastKnownFileType = text.plist.strings; name = en; path = en.lproj/InfoPlist.strings; sourceTree = "<group>"; };
		A5CD779919B01F5900FD357B /* StopwatchTests.m */ = {isa = PBXFileReference; lastKnownFileType = sourcecode.c.objc; path = StopwatchTests.m; sourceTree = "<group>"; };
		A5CD77A319B034DC00FD357B /* GrayBG.png */ = {isa = PBXFileReference; lastKnownFileType = image.png; path = GrayBG.png; sourceTree = "<group>"; };
		A5CD77A519B034E700FD357B /* GoldButton.png */ = {isa = PBXFileReference; lastKnownFileType = image.png; path = GoldButton.png; sourceTree = "<group>"; };
		A5CD77A719B0381F00FD357B /* Screen.png */ = {isa = PBXFileReference; lastKnownFileType = image.png; path = Screen.png; sourceTree = "<group>"; };
		A5E5C93919B926A1002737D5 /* Main_iPhone_3.5.storyboard */ = {isa = PBXFileReference; fileEncoding = 4; lastKnownFileType = file.storyboard; path = Main_iPhone_3.5.storyboard; sourceTree = "<group>"; };
/* End PBXFileReference section */

/* Begin PBXFrameworksBuildPhase section */
		A5CD776519B01F5800FD357B /* Frameworks */ = {
			isa = PBXFrameworksBuildPhase;
			buildActionMask = 2147483647;
			files = (
				A5CD776E19B01F5800FD357B /* CoreGraphics.framework in Frameworks */,
				A5CD777019B01F5800FD357B /* UIKit.framework in Frameworks */,
				A5CD776C19B01F5800FD357B /* Foundation.framework in Frameworks */,
			);
			runOnlyForDeploymentPostprocessing = 0;
		};
		A5CD778919B01F5900FD357B /* Frameworks */ = {
			isa = PBXFrameworksBuildPhase;
			buildActionMask = 2147483647;
			files = (
				A5CD778E19B01F5900FD357B /* XCTest.framework in Frameworks */,
				A5CD779019B01F5900FD357B /* UIKit.framework in Frameworks */,
				A5CD778F19B01F5900FD357B /* Foundation.framework in Frameworks */,
			);
			runOnlyForDeploymentPostprocessing = 0;
		};
/* End PBXFrameworksBuildPhase section */

/* Begin PBXGroup section */
		A5CD775F19B01F5800FD357B = {
			isa = PBXGroup;
			children = (
				A5CD777119B01F5800FD357B /* Stopwatch */,
				A5CD779319B01F5900FD357B /* StopwatchTests */,
				A5CD776A19B01F5800FD357B /* Frameworks */,
				A5CD776919B01F5800FD357B /* Products */,
			);
			sourceTree = "<group>";
		};
		A5CD776919B01F5800FD357B /* Products */ = {
			isa = PBXGroup;
			children = (
				A5CD776819B01F5800FD357B /* WatchStop.app */,
				A5CD778C19B01F5900FD357B /* StopwatchTests.xctest */,
			);
			name = Products;
			sourceTree = "<group>";
		};
		A5CD776A19B01F5800FD357B /* Frameworks */ = {
			isa = PBXGroup;
			children = (
				A5CD776B19B01F5800FD357B /* Foundation.framework */,
				A5CD776D19B01F5800FD357B /* CoreGraphics.framework */,
				A5CD776F19B01F5800FD357B /* UIKit.framework */,
				A5CD778D19B01F5900FD357B /* XCTest.framework */,
			);
			name = Frameworks;
			sourceTree = "<group>";
		};
		A5CD777119B01F5800FD357B /* Stopwatch */ = {
			isa = PBXGroup;
			children = (
				A5CD777A19B01F5800FD357B /* AppDelegate.h */,
				A5CD777B19B01F5800FD357B /* AppDelegate.m */,
				A5CD777D19B01F5800FD357B /* Main_iPhone.storyboard */,
				A5E5C93919B926A1002737D5 /* Main_iPhone_3.5.storyboard */,
				A5CD778019B01F5900FD357B /* Main_iPad.storyboard */,
				A5CD778319B01F5900FD357B /* ViewController.h */,
				A5CD778419B01F5900FD357B /* ViewController.m */,
				A550A67019B815930079BA84 /* StopWatch.h */,
				A550A67119B815930079BA84 /* StopWatch.m */,
				A50D703819F333600066AA16 /* Settings.h */,
				A50D703919F333600066AA16 /* Settings.m */,
				A5CD778619B01F5900FD357B /* Images.xcassets */,
				A5CD777219B01F5800FD357B /* Supporting Files */,
			);
			path = Stopwatch;
			sourceTree = "<group>";
		};
		A5CD777219B01F5800FD357B /* Supporting Files */ = {
			isa = PBXGroup;
			children = (
				A58D9DF519F873F300F50343 /* BlueButton.png */,
				A55EE47819F827D800F15057 /* GreenBG3.png */,
				A50D704519F35B190066AA16 /* MetalBG.png */,
				A50D704319F35AC30066AA16 /* GoldBG.png */,
				A50D703F19F357120066AA16 /* BlueBG.png */,
				A51FEDCF19B181500002D63A /* BG.png */,
				A50D703619F3329E0066AA16 /* Black.png */,
				A51FEDD119B181BF0002D63A /* Clock.png */,
				A51FEDCB19B0E3500002D63A /* NewBox.png */,
				A5CD77A719B0381F00FD357B /* Screen.png */,
				A5CD77A319B034DC00FD357B /* GrayBG.png */,
				A5CD77A519B034E700FD357B /* GoldButton.png */,
				A5336EFB19F32B2400FF0D3B /* Button.png */,
				A5CD777319B01F5800FD357B /* Stopwatch-Info.plist */,
				A5CD777419B01F5800FD357B /* InfoPlist.strings */,
				A5CD777719B01F5800FD357B /* main.m */,
				A5CD777919B01F5800FD357B /* Stopwatch-Prefix.pch */,
			);
			name = "Supporting Files";
			sourceTree = "<group>";
		};
		A5CD779319B01F5900FD357B /* StopwatchTests */ = {
			isa = PBXGroup;
			children = (
				A5CD779919B01F5900FD357B /* StopwatchTests.m */,
				A5CD779419B01F5900FD357B /* Supporting Files */,
			);
			path = StopwatchTests;
			sourceTree = "<group>";
		};
		A5CD779419B01F5900FD357B /* Supporting Files */ = {
			isa = PBXGroup;
			children = (
				A5CD779519B01F5900FD357B /* StopwatchTests-Info.plist */,
				A5CD779619B01F5900FD357B /* InfoPlist.strings */,
			);
			name = "Supporting Files";
			sourceTree = "<group>";
		};
/* End PBXGroup section */

/* Begin PBXNativeTarget section */
		A5CD776719B01F5800FD357B /* Stopwatch */ = {
			isa = PBXNativeTarget;
			buildConfigurationList = A5CD779D19B01F5900FD357B /* Build configuration list for PBXNativeTarget "Stopwatch" */;
			buildPhases = (
				A5CD776419B01F5800FD357B /* Sources */,
				A5CD776519B01F5800FD357B /* Frameworks */,
				A5CD776619B01F5800FD357B /* Resources */,
			);
			buildRules = (
			);
			dependencies = (
			);
			name = Stopwatch;
			productName = Stopwatch;
			productReference = A5CD776819B01F5800FD357B /* WatchStop.app */;
			productType = "com.apple.product-type.application";
		};
		A5CD778B19B01F5900FD357B /* StopwatchTests */ = {
			isa = PBXNativeTarget;
			buildConfigurationList = A5CD77A019B01F5900FD357B /* Build configuration list for PBXNativeTarget "StopwatchTests" */;
			buildPhases = (
				A5CD778819B01F5900FD357B /* Sources */,
				A5CD778919B01F5900FD357B /* Frameworks */,
				A5CD778A19B01F5900FD357B /* Resources */,
			);
			buildRules = (
			);
			dependencies = (
				A5CD779219B01F5900FD357B /* PBXTargetDependency */,
			);
			name = StopwatchTests;
			productName = StopwatchTests;
			productReference = A5CD778C19B01F5900FD357B /* StopwatchTests.xctest */;
			productType = "com.apple.product-type.bundle.unit-test";
		};
/* End PBXNativeTarget section */

/* Begin PBXProject section */
		A5CD776019B01F5800FD357B /* Project object */ = {
			isa = PBXProject;
			attributes = {
				LastUpgradeCheck = 0510;
				TargetAttributes = {
					A5CD778B19B01F5900FD357B = {
						TestTargetID = A5CD776719B01F5800FD357B;
					};
				};
			};
			buildConfigurationList = A5CD776319B01F5800FD357B /* Build configuration list for PBXProject "WatchStop" */;
			compatibilityVersion = "Xcode 3.2";
			developmentRegion = English;
			hasScannedForEncodings = 0;
			knownRegions = (
				en,
				Base,
			);
			mainGroup = A5CD775F19B01F5800FD357B;
			productRefGroup = A5CD776919B01F5800FD357B /* Products */;
			projectDirPath = "";
			projectRoot = "";
			targets = (
				A5CD776719B01F5800FD357B /* Stopwatch */,
				A5CD778B19B01F5900FD357B /* StopwatchTests */,
			);
		};
/* End PBXProject section */

/* Begin PBXResourcesBuildPhase section */
		A5CD776619B01F5800FD357B /* Resources */ = {
			isa = PBXResourcesBuildPhase;
			buildActionMask = 2147483647;
			files = (
				A50D704619F35B190066AA16 /* MetalBG.png in Resources */,
				A51FEDD019B181500002D63A /* BG.png in Resources */,
				A51FEDCC19B0E3500002D63A /* NewBox.png in Resources */,
				A5CD77A419B034DC00FD357B /* GrayBG.png in Resources */,
				A5CD77A819B0382000FD357B /* Screen.png in Resources */,
				A5E5C93A19B926A1002737D5 /* Main_iPhone_3.5.storyboard in Resources */,
				A50D703719F3329E0066AA16 /* Black.png in Resources */,
				A5CD77A619B034E700FD357B /* GoldButton.png in Resources */,
				A50D704019F357120066AA16 /* BlueBG.png in Resources */,
				A5336EFC19F32B2400FF0D3B /* Button.png in Resources */,
				A5CD778219B01F5900FD357B /* Main_iPad.storyboard in Resources */,
				A55EE47919F827D800F15057 /* GreenBG3.png in Resources */,
				A5CD778719B01F5900FD357B /* Images.xcassets in Resources */,
				A5CD777F19B01F5800FD357B /* Main_iPhone.storyboard in Resources */,
				A58D9DF619F873F300F50343 /* BlueButton.png in Resources */,
				A50D704419F35AC30066AA16 /* GoldBG.png in Resources */,
				A51FEDD219B181BF0002D63A /* Clock.png in Resources */,
				A5CD777619B01F5800FD357B /* InfoPlist.strings in Resources */,
			);
			runOnlyForDeploymentPostprocessing = 0;
		};
		A5CD778A19B01F5900FD357B /* Resources */ = {
			isa = PBXResourcesBuildPhase;
			buildActionMask = 2147483647;
			files = (
				A5CD779819B01F5900FD357B /* InfoPlist.strings in Resources */,
			);
			runOnlyForDeploymentPostprocessing = 0;
		};
/* End PBXResourcesBuildPhase section */

/* Begin PBXSourcesBuildPhase section */
		A5CD776419B01F5800FD357B /* Sources */ = {
			isa = PBXSourcesBuildPhase;
			buildActionMask = 2147483647;
			files = (
				A5CD778519B01F5900FD357B /* ViewController.m in Sources */,
				A5CD777C19B01F5800FD357B /* AppDelegate.m in Sources */,
				A50D703A19F333600066AA16 /* Settings.m in Sources */,
				A5CD777819B01F5800FD357B /* main.m in Sources */,
				A550A67219B815930079BA84 /* StopWatch.m in Sources */,
			);
			runOnlyForDeploymentPostprocessing = 0;
		};
		A5CD778819B01F5900FD357B /* Sources */ = {
			isa = PBXSourcesBuildPhase;
			buildActionMask = 2147483647;
			files = (
				A5CD779A19B01F5900FD357B /* StopwatchTests.m in Sources */,
			);
			runOnlyForDeploymentPostprocessing = 0;
		};
/* End PBXSourcesBuildPhase section */

/* Begin PBXTargetDependency section */
		A5CD779219B01F5900FD357B /* PBXTargetDependency */ = {
			isa = PBXTargetDependency;
			target = A5CD776719B01F5800FD357B /* Stopwatch */;
			targetProxy = A5CD779119B01F5900FD357B /* PBXContainerItemProxy */;
		};
/* End PBXTargetDependency section */

/* Begin PBXVariantGroup section */
		A5CD777419B01F5800FD357B /* InfoPlist.strings */ = {
			isa = PBXVariantGroup;
			children = (
				A5CD777519B01F5800FD357B /* en */,
			);
			name = InfoPlist.strings;
			sourceTree = "<group>";
		};
		A5CD777D19B01F5800FD357B /* Main_iPhone.storyboard */ = {
			isa = PBXVariantGroup;
			children = (
				A5CD777E19B01F5800FD357B /* Base */,
			);
			name = Main_iPhone.storyboard;
			sourceTree = "<group>";
		};
		A5CD778019B01F5900FD357B /* Main_iPad.storyboard */ = {
			isa = PBXVariantGroup;
			children = (
				A5CD778119B01F5900FD357B /* Base */,
			);
			name = Main_iPad.storyboard;
			sourceTree = "<group>";
		};
		A5CD779619B01F5900FD357B /* InfoPlist.strings */ = {
			isa = PBXVariantGroup;
			children = (
				A5CD779719B01F5900FD357B /* en */,
			);
			name = InfoPlist.strings;
			sourceTree = "<group>";
		};
/* End PBXVariantGroup section */

/* Begin XCBuildConfiguration section */
		A5CD779B19B01F5900FD357B /* Debug */ = {
			isa = XCBuildConfiguration;
			buildSettings = {
				ALWAYS_SEARCH_USER_PATHS = NO;
				CLANG_CXX_LANGUAGE_STANDARD = "gnu++0x";
				CLANG_CXX_LIBRARY = "libc++";
				CLANG_ENABLE_MODULES = YES;
				CLANG_ENABLE_OBJC_ARC = YES;
				CLANG_WARN_BOOL_CONVERSION = YES;
				CLANG_WARN_CONSTANT_CONVERSION = YES;
				CLANG_WARN_DIRECT_OBJC_ISA_USAGE = YES_ERROR;
				CLANG_WARN_EMPTY_BODY = YES;
				CLANG_WARN_ENUM_CONVERSION = YES;
				CLANG_WARN_INT_CONVERSION = YES;
				CLANG_WARN_OBJC_ROOT_CLASS = YES_ERROR;
				CLANG_WARN__DUPLICATE_METHOD_MATCH = YES;
				"CODE_SIGN_IDENTITY[sdk=iphoneos*]" = "iPhone Developer";
				COPY_PHASE_STRIP = NO;
				GCC_C_LANGUAGE_STANDARD = gnu99;
				GCC_DYNAMIC_NO_PIC = NO;
				GCC_OPTIMIZATION_LEVEL = 0;
				GCC_PREPROCESSOR_DEFINITIONS = (
					"DEBUG=1",
					"$(inherited)",
				);
				GCC_SYMBOLS_PRIVATE_EXTERN = NO;
				GCC_WARN_64_TO_32_BIT_CONVERSION = YES;
				GCC_WARN_ABOUT_RETURN_TYPE = YES_ERROR;
				GCC_WARN_UNDECLARED_SELECTOR = YES;
				GCC_WARN_UNINITIALIZED_AUTOS = YES_AGGRESSIVE;
				GCC_WARN_UNUSED_FUNCTION = YES;
				GCC_WARN_UNUSED_VARIABLE = YES;
				IPHONEOS_DEPLOYMENT_TARGET = 7.1;
				ONLY_ACTIVE_ARCH = YES;
				SDKROOT = iphoneos;
				TARGETED_DEVICE_FAMILY = "1,2";
			};
			name = Debug;
		};
		A5CD779C19B01F5900FD357B /* Release */ = {
			isa = XCBuildConfiguration;
			buildSettings = {
				ALWAYS_SEARCH_USER_PATHS = NO;
				CLANG_CXX_LANGUAGE_STANDARD = "gnu++0x";
				CLANG_CXX_LIBRARY = "libc++";
				CLANG_ENABLE_MODULES = YES;
				CLANG_ENABLE_OBJC_ARC = YES;
				CLANG_WARN_BOOL_CONVERSION = YES;
				CLANG_WARN_CONSTANT_CONVERSION = YES;
				CLANG_WARN_DIRECT_OBJC_ISA_USAGE = YES_ERROR;
				CLANG_WARN_EMPTY_BODY = YES;
				CLANG_WARN_ENUM_CONVERSION = YES;
				CLANG_WARN_INT_CONVERSION = YES;
				CLANG_WARN_OBJC_ROOT_CLASS = YES_ERROR;
				CLANG_WARN__DUPLICATE_METHOD_MATCH = YES;
				"CODE_SIGN_IDENTITY[sdk=iphoneos*]" = "iPhone Developer";
				COPY_PHASE_STRIP = YES;
				ENABLE_NS_ASSERTIONS = NO;
				GCC_C_LANGUAGE_STANDARD = gnu99;
				GCC_WARN_64_TO_32_BIT_CONVERSION = YES;
				GCC_WARN_ABOUT_RETURN_TYPE = YES_ERROR;
				GCC_WARN_UNDECLARED_SELECTOR = YES;
				GCC_WARN_UNINITIALIZED_AUTOS = YES_AGGRESSIVE;
				GCC_WARN_UNUSED_FUNCTION = YES;
				GCC_WARN_UNUSED_VARIABLE = YES;
				IPHONEOS_DEPLOYMENT_TARGET = 7.1;
				SDKROOT = iphoneos;
				TARGETED_DEVICE_FAMILY = "1,2";
				VALIDATE_PRODUCT = YES;
			};
			name = Release;
		};
		A5CD779E19B01F5900FD357B /* Debug */ = {
			isa = XCBuildConfiguration;
			buildSettings = {
				ASSETCATALOG_COMPILER_APPICON_NAME = AppIcon;
				ASSETCATALOG_COMPILER_LAUNCHIMAGE_NAME = LaunchImage;
				"CODE_SIGN_IDENTITY[sdk=iphoneos*]" = "iPhone Developer: Brian Carolan (EQZKY7KEQ4)";
				GCC_PRECOMPILE_PREFIX_HEADER = YES;
				GCC_PREFIX_HEADER = "Stopwatch/Stopwatch-Prefix.pch";
				INFOPLIST_FILE = "Stopwatch/Stopwatch-Info.plist";
				IPHONEOS_DEPLOYMENT_TARGET = 6.0;
				PRODUCT_NAME = WatchStop;
				WRAPPER_EXTENSION = app;
			};
			name = Debug;
		};
		A5CD779F19B01F5900FD357B /* Release */ = {
			isa = XCBuildConfiguration;
			buildSettings = {
				ASSETCATALOG_COMPILER_APPICON_NAME = AppIcon;
				ASSETCATALOG_COMPILER_LAUNCHIMAGE_NAME = LaunchImage;
				CODE_SIGN_IDENTITY = "iPhone Developer: Brian Carolan (EQZKY7KEQ4)";
				GCC_PRECOMPILE_PREFIX_HEADER = YES;
				GCC_PREFIX_HEADER = "Stopwatch/Stopwatch-Prefix.pch";
				INFOPLIST_FILE = "Stopwatch/Stopwatch-Info.plist";
				IPHONEOS_DEPLOYMENT_TARGET = 6.0;
				PRODUCT_NAME = WatchStop;
				WRAPPER_EXTENSION = app;
			};
			name = Release;
		};
		A5CD77A119B01F5900FD357B /* Debug */ = {
			isa = XCBuildConfiguration;
			buildSettings = {
				BUNDLE_LOADER = "$(BUILT_PRODUCTS_DIR)/Stopwatch.app/Stopwatch";
				FRAMEWORK_SEARCH_PATHS = (
					"$(SDKROOT)/Developer/Library/Frameworks",
					"$(inherited)",
					"$(DEVELOPER_FRAMEWORKS_DIR)",
				);
				GCC_PRECOMPILE_PREFIX_HEADER = YES;
				GCC_PREFIX_HEADER = "Stopwatch/Stopwatch-Prefix.pch";
				GCC_PREPROCESSOR_DEFINITIONS = (
					"DEBUG=1",
					"$(inherited)",
				);
				INFOPLIST_FILE = "StopwatchTests/StopwatchTests-Info.plist";
				PRODUCT_NAME = "$(TARGET_NAME)";
				TEST_HOST = "$(BUNDLE_LOADER)";
				WRAPPER_EXTENSION = xctest;
			};
			name = Debug;
		};
		A5CD77A219B01F5900FD357B /* Release */ = {
			isa = XCBuildConfiguration;
			buildSettings = {
				BUNDLE_LOADER = "$(BUILT_PRODUCTS_DIR)/Stopwatch.app/Stopwatch";
				FRAMEWORK_SEARCH_PATHS = (
					"$(SDKROOT)/Developer/Library/Frameworks",
					"$(inherited)",
					"$(DEVELOPER_FRAMEWORKS_DIR)",
				);
				GCC_PRECOMPILE_PREFIX_HEADER = YES;
				GCC_PREFIX_HEADER = "Stopwatch/Stopwatch-Prefix.pch";
				INFOPLIST_FILE = "StopwatchTests/StopwatchTests-Info.plist";
				PRODUCT_NAME = "$(TARGET_NAME)";
				TEST_HOST = "$(BUNDLE_LOADER)";
				WRAPPER_EXTENSION = xctest;
			};
			name = Release;
		};
/* End XCBuildConfiguration section */

/* Begin XCConfigurationList section */
		A5CD776319B01F5800FD357B /* Build configuration list for PBXProject "WatchStop" */ = {
			isa = XCConfigurationList;
			buildConfigurations = (
				A5CD779B19B01F5900FD357B /* Debug */,
				A5CD779C19B01F5900FD357B /* Release */,
			);
			defaultConfigurationIsVisible = 0;
			defaultConfigurationName = Release;
		};
		A5CD779D19B01F5900FD357B /* Build configuration list for PBXNativeTarget "Stopwatch" */ = {
			isa = XCConfigurationList;
			buildConfigurations = (
				A5CD779E19B01F5900FD357B /* Debug */,
				A5CD779F19B01F5900FD357B /* Release */,
			);
			defaultConfigurationIsVisible = 0;
			defaultConfigurationName = Release;
		};
		A5CD77A019B01F5900FD357B /* Build configuration list for PBXNativeTarget "StopwatchTests" */ = {
			isa = XCConfigurationList;
			buildConfigurations = (
				A5CD77A119B01F5900FD357B /* Debug */,
				A5CD77A219B01F5900FD357B /* Release */,
			);
			defaultConfigurationIsVisible = 0;
			defaultConfigurationName = Release;
		};
/* End XCConfigurationList section */
	};
	rootObject = A5CD776019B01F5800FD357B /* Project object */;
}
